
Microsoft Visual Studio Solution File, Format Version 12.00
# Visual Studio Version 17
VisualStudioVersion = 17.10.35122.118
MinimumVisualStudioVersion = 10.0.40219.1
Project("{FAE04EC0-301F-11D3-BF4B-00C04F79EFBC}") = "WaveformViewer", "WaveformViewer.csproj", "{650F6896-1219-4DC1-AA1C-1E1122724430}"
EndProject
Global
	GlobalSection(SolutionConfigurationPlatforms) = preSolution
		Debug|Any CPU = Debug|Any CPU
		Release|Any CPU = Release|Any CPU
	EndGlobalSection
	GlobalSection(ProjectConfigurationPlatforms) = postSolution
		{650F6896-1219-4DC1-AA1C-1E1122724430}.Debug|Any CPU.ActiveCfg = Debug|Any CPU
		{650F6896-1219-4DC1-AA1C-1E1122724430}.Debug|Any CPU.Build.0 = Debug|Any CPU
		{650F6896-1219-4DC1-AA1C-1E1122724430}.Release|Any CPU.ActiveCfg = Release|Any CPU
		{650F6896-1219-4DC1-AA1C-1E1122724430}.Release|Any CPU.Build.0 = Release|Any CPU
	EndGlobalSection
	GlobalSection(SolutionProperties) = preSolution
		HideSolutionNode = FALSE
	EndGlobalSection
	GlobalSection(ExtensibilityGlobals) = postSolution
		SolutionGuid = {DFC2A0BD-4A66-41DF-BE5C-062F88841153}
	EndGlobalSection
EndGlobal
